
Microsoft Visual Studio Solution File, Format Version 12.00
# Visual Studio 15
VisualStudioVersion = 15.0.27130.2027
MinimumVisualStudioVersion = 10.0.40219.1
Project("{FAE04EC0-301F-11D3-BF4B-00C04F79EFBC}") = "Labirint", "Labirint\Labirint.csproj", "{10180811-AFC1-4196-B650-1EDAC0AFBAF0}"
EndProject
Global
	GlobalSection(SolutionConfigurationPlatforms) = preSolution
		Debug|Any CPU = Debug|Any CPU
		Release|Any CPU = Release|Any CPU
	EndGlobalSection
	GlobalSection(ProjectConfigurationPlatforms) = postSolution
		{10180811-AFC1-4196-B650-1EDAC0AFBAF0}.Debug|Any CPU.ActiveCfg = Debug|Any CPU
		{10180811-AFC1-4196-B650-1EDAC0AFBAF0}.Debug|Any CPU.Build.0 = Debug|Any CPU
		{10180811-AFC1-4196-B650-1EDAC0AFBAF0}.Release|Any CPU.ActiveCfg = Release|Any CPU
		{10180811-AFC1-4196-B650-1EDAC0AFBAF0}.Release|Any CPU.Build.0 = Release|Any CPU
	EndGlobalSection
	GlobalSection(SolutionProperties) = preSolution
		HideSolutionNode = FALSE
	EndGlobalSection
	GlobalSection(ExtensibilityGlobals) = postSolution
		SolutionGuid = {AF95E0A9-ACBA-4571-B022-A5898BC20EEC}
	EndGlobalSection
EndGlobal
